
Microsoft Visual Studio Solution File, Format Version 12.00
# Visual Studio Version 16
VisualStudioVersion = 16.0.31205.134
MinimumVisualStudioVersion = 10.0.40219.1
Project("{FAE04EC0-301F-11D3-BF4B-00C04F79EFBC}") = "NumbersApp", "NumbersApp\NumbersApp.csproj", "{A010CACD-712F-4882-ACD3-3B57527FDB5A}"
EndProject
Global
	GlobalSection(SolutionConfigurationPlatforms) = preSolution
		Debug|Any CPU = Debug|Any CPU
		Release|Any CPU = Release|Any CPU
	EndGlobalSection
	GlobalSection(ProjectConfigurationPlatforms) = postSolution
		{A010CACD-712F-4882-ACD3-3B57527FDB5A}.Debug|Any CPU.ActiveCfg = Debug|Any CPU
		{A010CACD-712F-4882-ACD3-3B57527FDB5A}.Debug|Any CPU.Build.0 = Debug|Any CPU
		{A010CACD-712F-4882-ACD3-3B57527FDB5A}.Release|Any CPU.ActiveCfg = Release|Any CPU
		{A010CACD-712F-4882-ACD3-3B57527FDB5A}.Release|Any CPU.Build.0 = Release|Any CPU
	EndGlobalSection
	GlobalSection(SolutionProperties) = preSolution
		HideSolutionNode = FALSE
	EndGlobalSection
	GlobalSection(ExtensibilityGlobals) = postSolution
		SolutionGuid = {12EE547C-01D3-4FD3-994F-8268FEF06DC8}
	EndGlobalSection
EndGlobal
