
Microsoft Visual Studio Solution File, Format Version 12.00
# Visual Studio Version 16
VisualStudioVersion = 16.0.31205.134
MinimumVisualStudioVersion = 10.0.40219.1
Project("{FAE04EC0-301F-11D3-BF4B-00C04F79EFBC}") = "ControlStatements", "ControlStatements\ControlStatements.csproj", "{306B7914-30A8-4DDE-A3B1-D1F62FED921A}"
EndProject
Global
	GlobalSection(SolutionConfigurationPlatforms) = preSolution
		Debug|Any CPU = Debug|Any CPU
		Release|Any CPU = Release|Any CPU
	EndGlobalSection
	GlobalSection(ProjectConfigurationPlatforms) = postSolution
		{306B7914-30A8-4DDE-A3B1-D1F62FED921A}.Debug|Any CPU.ActiveCfg = Debug|Any CPU
		{306B7914-30A8-4DDE-A3B1-D1F62FED921A}.Debug|Any CPU.Build.0 = Debug|Any CPU
		{306B7914-30A8-4DDE-A3B1-D1F62FED921A}.Release|Any CPU.ActiveCfg = Release|Any CPU
		{306B7914-30A8-4DDE-A3B1-D1F62FED921A}.Release|Any CPU.Build.0 = Release|Any CPU
	EndGlobalSection
	GlobalSection(SolutionProperties) = preSolution
		HideSolutionNode = FALSE
	EndGlobalSection
	GlobalSection(ExtensibilityGlobals) = postSolution
		SolutionGuid = {93BAB492-B7AC-41B5-AF83-52944FA179DC}
	EndGlobalSection
EndGlobal
