
Microsoft Visual Studio Solution File, Format Version 12.00
# Visual Studio Version 16
VisualStudioVersion = 16.0.31205.134
MinimumVisualStudioVersion = 10.0.40219.1
Project("{FAE04EC0-301F-11D3-BF4B-00C04F79EFBC}") = "PrsWebApi", "PrsWebApi\PrsWebApi.csproj", "{69D762A9-E8C1-41B8-8A74-2AA285D6BF68}"
EndProject
Global
	GlobalSection(SolutionConfigurationPlatforms) = preSolution
		Debug|Any CPU = Debug|Any CPU
		Release|Any CPU = Release|Any CPU
	EndGlobalSection
	GlobalSection(ProjectConfigurationPlatforms) = postSolution
		{69D762A9-E8C1-41B8-8A74-2AA285D6BF68}.Debug|Any CPU.ActiveCfg = Debug|Any CPU
		{69D762A9-E8C1-41B8-8A74-2AA285D6BF68}.Debug|Any CPU.Build.0 = Debug|Any CPU
		{69D762A9-E8C1-41B8-8A74-2AA285D6BF68}.Release|Any CPU.ActiveCfg = Release|Any CPU
		{69D762A9-E8C1-41B8-8A74-2AA285D6BF68}.Release|Any CPU.Build.0 = Release|Any CPU
	EndGlobalSection
	GlobalSection(SolutionProperties) = preSolution
		HideSolutionNode = FALSE
	EndGlobalSection
	GlobalSection(ExtensibilityGlobals) = postSolution
		SolutionGuid = {F9B3409F-E0CE-4722-B7FB-2F15D4D047E2}
	EndGlobalSection
EndGlobal
